
Microsoft Visual Studio Solution File, Format Version 12.00
# Visual Studio Version 17
VisualStudioVersion = 17.14.37301.10
MinimumVisualStudioVersion = 10.0.40219.1
Project("{FAE04EC0-301F-11D3-BF4B-00C04F79EFBC}") = "GymSys.BLL", "GymSys.BL\GymSys.BLL.csproj", "{F473D221-EA83-0C5B-52BF-B4BC0B8B328B}"
EndProject
Project("{FAE04EC0-301F-11D3-BF4B-00C04F79EFBC}") = "GymSys.DAL", "GymSys.DAL\GymSys.DAL.csproj", "{54D7C9F9-2208-54DD-DBE7-FEEDA12E06BD}"
EndProject
Project("{FAE04EC0-301F-11D3-BF4B-00C04F79EFBC}") = "GymSys.PL", "GymSys.PL\GymSys.PL.csproj", "{E9C28827-8390-43F7-4120-18297E4956F8}"
EndProject
Global
	GlobalSection(SolutionConfigurationPlatforms) = preSolution
		Debug|Any CPU = Debug|Any CPU
		Release|Any CPU = Release|Any CPU
	EndGlobalSection
	GlobalSection(ProjectConfigurationPlatforms) = postSolution
		{F473D221-EA83-0C5B-52BF-B4BC0B8B328B}.Debug|Any CPU.ActiveCfg = Debug|Any CPU
		{F473D221-EA83-0C5B-52BF-B4BC0B8B328B}.Debug|Any CPU.Build.0 = Debug|Any CPU
		{F473D221-EA83-0C5B-52BF-B4BC0B8B328B}.Release|Any CPU.ActiveCfg = Release|Any CPU
		{F473D221-EA83-0C5B-52BF-B4BC0B8B328B}.Release|Any CPU.Build.0 = Release|Any CPU
		{54D7C9F9-2208-54DD-DBE7-FEEDA12E06BD}.Debug|Any CPU.ActiveCfg = Debug|Any CPU
		{54D7C9F9-2208-54DD-DBE7-FEEDA12E06BD}.Debug|Any CPU.Build.0 = Debug|Any CPU
		{54D7C9F9-2208-54DD-DBE7-FEEDA12E06BD}.Release|Any CPU.ActiveCfg = Release|Any CPU
		{54D7C9F9-2208-54DD-DBE7-FEEDA12E06BD}.Release|Any CPU.Build.0 = Release|Any CPU
		{E9C28827-8390-43F7-4120-18297E4956F8}.Debug|Any CPU.ActiveCfg = Debug|Any CPU
		{E9C28827-8390-43F7-4120-18297E4956F8}.Debug|Any CPU.Build.0 = Debug|Any CPU
		{E9C28827-8390-43F7-4120-18297E4956F8}.Release|Any CPU.ActiveCfg = Release|Any CPU
		{E9C28827-8390-43F7-4120-18297E4956F8}.Release|Any CPU.Build.0 = Release|Any CPU
	EndGlobalSection
	GlobalSection(SolutionProperties) = preSolution
		HideSolutionNode = FALSE
	EndGlobalSection
	GlobalSection(ExtensibilityGlobals) = postSolution
		SolutionGuid = {05DF8D40-B590-467A-8A52-A960B3FA4C44}
	EndGlobalSection
EndGlobal
